// !$*UTF8*$!
{
	archiveVersion = 1;
	classes = {
	};
	objectVersion = 46;
	objects = {

/* Begin PBXBuildFile section */
		41A25B871A427B7B009256BB /* main.m in Sources */ = {isa = PBXBuildFile; fileRef = 41A25B861A427B7B009256BB /* main.m */; };
		41A25B8A1A427B7B009256BB /* AppDelegate.m in Sources */ = {isa = PBXBuildFile; fileRef = 41A25B891A427B7B009256BB /* AppDelegate.m */; };
		41A25B8D1A427B7B009256BB /* _03_sampleCoreData3.xcdatamodeld in Sources */ = {isa = PBXBuildFile; fileRef = 41A25B8B1A427B7B009256BB /* _03_sampleCoreData3.xcdatamodeld */; };
		41A25B901A427B7B009256BB /* MasterViewController.m in Sources */ = {isa = PBXBuildFile; fileRef = 41A25B8F1A427B7B009256BB /* MasterViewController.m */; };
		41A25B931A427B7B009256BB /* DetailViewController.m in Sources */ = {isa = PBXBuildFile; fileRef = 41A25B921A427B7B009256BB /* DetailViewController.m */; };
		41A25B961A427B7B009256BB /* Main.storyboard in Resources */ = {isa = PBXBuildFile; fileRef = 41A25B941A427B7B009256BB /* Main.storyboard */; };
		41A25B981A427B7B009256BB /* Images.xcassets in Resources */ = {isa = PBXBuildFile; fileRef = 41A25B971A427B7B009256BB /* Images.xcassets */; };
		41A25B9B1A427B7B009256BB /* LaunchScreen.xib in Resources */ = {isa = PBXBuildFile; fileRef = 41A25B991A427B7B009256BB /* LaunchScreen.xib */; };
		41A25BA71A427B7C009256BB /* _03_sampleCoreData3Tests.m in Sources */ = {isa = PBXBuildFile; fileRef = 41A25BA61A427B7C009256BB /* _03_sampleCoreData3Tests.m */; };
/* End PBXBuildFile section */

/* Begin PBXContainerItemProxy section */
		41A25BA11A427B7C009256BB /* PBXContainerItemProxy */ = {
			isa = PBXContainerItemProxy;
			containerPortal = 41A25B791A427B7B009256BB /* Project object */;
			proxyType = 1;
			remoteGlobalIDString = 41A25B801A427B7B009256BB;
			remoteInfo = 903_sampleCoreData3;
		};
/* End PBXContainerItemProxy section */

/* Begin PBXFileReference section */
		41A25B811A427B7B009256BB /* 903_sampleCoreData3.app */ = {isa = PBXFileReference; explicitFileType = wrapper.application; includeInIndex = 0; path = 903_sampleCoreData3.app; sourceTree = BUILT_PRODUCTS_DIR; };
		41A25B851A427B7B009256BB /* Info.plist */ = {isa = PBXFileReference; lastKnownFileType = text.plist.xml; path = Info.plist; sourceTree = "<group>"; };
		41A25B861A427B7B009256BB /* main.m */ = {isa = PBXFileReference; lastKnownFileType = sourcecode.c.objc; path = main.m; sourceTree = "<group>"; };
		41A25B881A427B7B009256BB /* AppDelegate.h */ = {isa = PBXFileReference; lastKnownFileType = sourcecode.c.h; path = AppDelegate.h; sourceTree = "<group>"; };
		41A25B891A427B7B009256BB /* AppDelegate.m */ = {isa = PBXFileReference; lastKnownFileType = sourcecode.c.objc; path = AppDelegate.m; sourceTree = "<group>"; };
		41A25B8C1A427B7B009256BB /* _03_sampleCoreData3.xcdatamodel */ = {isa = PBXFileReference; lastKnownFileType = wrapper.xcdatamodel; path = _03_sampleCoreData3.xcdatamodel; sourceTree = "<group>"; };
		41A25B8E1A427B7B009256BB /* MasterViewController.h */ = {isa = PBXFileReference; lastKnownFileType = sourcecode.c.h; path = MasterViewController.h; sourceTree = "<group>"; };
		41A25B8F1A427B7B009256BB /* MasterViewController.m */ = {isa = PBXFileReference; lastKnownFileType = sourcecode.c.objc; path = MasterViewController.m; sourceTree = "<group>"; };
		41A25B911A427B7B009256BB /* DetailViewController.h */ = {isa = PBXFileReference; lastKnownFileType = sourcecode.c.h; path = DetailViewController.h; sourceTree = "<group>"; };
		41A25B921A427B7B009256BB /* DetailViewController.m */ = {isa = PBXFileReference; lastKnownFileType = sourcecode.c.objc; path = DetailViewController.m; sourceTree = "<group>"; };
		41A25B951A427B7B009256BB /* Base */ = {isa = PBXFileReference; lastKnownFileType = file.storyboard; name = Base; path = Base.lproj/Main.storyboard; sourceTree = "<group>"; };
		41A25B971A427B7B009256BB /* Images.xcassets */ = {isa = PBXFileReference; lastKnownFileType = folder.assetcatalog; path = Images.xcassets; sourceTree = "<group>"; };
		41A25B9A1A427B7B009256BB /* Base */ = {isa = PBXFileReference; lastKnownFileType = file.xib; name = Base; path = Base.lproj/LaunchScreen.xib; sourceTree = "<group>"; };
		41A25BA01A427B7C009256BB /* 903_sampleCoreData3Tests.xctest */ = {isa = PBXFileReference; explicitFileType = wrapper.cfbundle; includeInIndex = 0; path = 903_sampleCoreData3Tests.xctest; sourceTree = BUILT_PRODUCTS_DIR; };
		41A25BA51A427B7C009256BB /* Info.plist */ = {isa = PBXFileReference; lastKnownFileType = text.plist.xml; path = Info.plist; sourceTree = "<group>"; };
		41A25BA61A427B7C009256BB /* _03_sampleCoreData3Tests.m */ = {isa = PBXFileReference; lastKnownFileType = sourcecode.c.objc; path = _03_sampleCoreData3Tests.m; sourceTree = "<group>"; };
/* End PBXFileReference section */

/* Begin PBXFrameworksBuildPhase section */
		41A25B7E1A427B7B009256BB /* Frameworks */ = {
			isa = PBXFrameworksBuildPhase;
			buildActionMask = 2147483647;
			files = (
			);
			runOnlyForDeploymentPostprocessing = 0;
		};
		41A25B9D1A427B7C009256BB /* Frameworks */ = {
			isa = PBXFrameworksBuildPhase;
			buildActionMask = 2147483647;
			files = (
			);
			runOnlyForDeploymentPostprocessing = 0;
		};
/* End PBXFrameworksBuildPhase section */

/* Begin PBXGroup section */
		41A25B781A427B7B009256BB = {
			isa = PBXGroup;
			children = (
				41A25B831A427B7B009256BB /* 903_sampleCoreData3 */,
				41A25BA31A427B7C009256BB /* 903_sampleCoreData3Tests */,
				41A25B821A427B7B009256BB /* Products */,
			);
			sourceTree = "<group>";
		};
		41A25B821A427B7B009256BB /* Products */ = {
			isa = PBXGroup;
			children = (
				41A25B811A427B7B009256BB /* 903_sampleCoreData3.app */,
				41A25BA01A427B7C009256BB /* 903_sampleCoreData3Tests.xctest */,
			);
			name = Products;
			sourceTree = "<group>";
		};
		41A25B831A427B7B009256BB /* 903_sampleCoreData3 */ = {
			isa = PBXGroup;
			children = (
				41A25B881A427B7B009256BB /* AppDelegate.h */,
				41A25B891A427B7B009256BB /* AppDelegate.m */,
				41A25B8E1A427B7B009256BB /* MasterViewController.h */,
				41A25B8F1A427B7B009256BB /* MasterViewController.m */,
				41A25B911A427B7B009256BB /* DetailViewController.h */,
				41A25B921A427B7B009256BB /* DetailViewController.m */,
				41A25B941A427B7B009256BB /* Main.storyboard */,
				41A25B971A427B7B009256BB /* Images.xcassets */,
				41A25B991A427B7B009256BB /* LaunchScreen.xib */,
				41A25B8B1A427B7B009256BB /* _03_sampleCoreData3.xcdatamodeld */,
				41A25B841A427B7B009256BB /* Supporting Files */,
			);
			path = 903_sampleCoreData3;
			sourceTree = "<group>";
		};
		41A25B841A427B7B009256BB /* Supporting Files */ = {
			isa = PBXGroup;
			children = (
				41A25B851A427B7B009256BB /* Info.plist */,
				41A25B861A427B7B009256BB /* main.m */,
			);
			name = "Supporting Files";
			sourceTree = "<group>";
		};
		41A25BA31A427B7C009256BB /* 903_sampleCoreData3Tests */ = {
			isa = PBXGroup;
			children = (
				41A25BA61A427B7C009256BB /* _03_sampleCoreData3Tests.m */,
				41A25BA41A427B7C009256BB /* Supporting Files */,
			);
			path = 903_sampleCoreData3Tests;
			sourceTree = "<group>";
		};
		41A25BA41A427B7C009256BB /* Supporting Files */ = {
			isa = PBXGroup;
			children = (
				41A25BA51A427B7C009256BB /* Info.plist */,
			);
			name = "Supporting Files";
			sourceTree = "<group>";
		};
/* End PBXGroup section */

/* Begin PBXNativeTarget section */
		41A25B801A427B7B009256BB /* 903_sampleCoreData3 */ = {
			isa = PBXNativeTarget;
			buildConfigurationList = 41A25BAA1A427B7C009256BB /* Build configuration list for PBXNativeTarget "903_sampleCoreData3" */;
			buildPhases = (
				41A25B7D1A427B7B009256BB /* Sources */,
				41A25B7E1A427B7B009256BB /* Frameworks */,
				41A25B7F1A427B7B009256BB /* Resources */,
			);
			buildRules = (
			);
			dependencies = (
			);
			name = 903_sampleCoreData3;
			productName = 903_sampleCoreData3;
			productReference = 41A25B811A427B7B009256BB /* 903_sampleCoreData3.app */;
			productType = "com.apple.product-type.application";
		};
		41A25B9F1A427B7C009256BB /* 903_sampleCoreData3Tests */ = {
			isa = PBXNativeTarget;
			buildConfigurationList = 41A25BAD1A427B7C009256BB /* Build configuration list for PBXNativeTarget "903_sampleCoreData3Tests" */;
			buildPhases = (
				41A25B9C1A427B7C009256BB /* Sources */,
				41A25B9D1A427B7C009256BB /* Frameworks */,
				41A25B9E1A427B7C009256BB /* Resources */,
			);
			buildRules = (
			);
			dependencies = (
				41A25BA21A427B7C009256BB /* PBXTargetDependency */,
			);
			name = 903_sampleCoreData3Tests;
			productName = 903_sampleCoreData3Tests;
			productReference = 41A25BA01A427B7C009256BB /* 903_sampleCoreData3Tests.xctest */;
			productType = "com.apple.product-type.bundle.unit-test";
		};
/* End PBXNativeTarget section */

/* Begin PBXProject section */
		41A25B791A427B7B009256BB /* Project object */ = {
			isa = PBXProject;
			attributes = {
				LastUpgradeCheck = 0610;
				ORGANIZATIONNAME = knife0125;
				TargetAttributes = {
					41A25B801A427B7B009256BB = {
						CreatedOnToolsVersion = 6.1.1;
					};
					41A25B9F1A427B7C009256BB = {
						CreatedOnToolsVersion = 6.1.1;
						TestTargetID = 41A25B801A427B7B009256BB;
					};
				};
			};
			buildConfigurationList = 41A25B7C1A427B7B009256BB /* Build configuration list for PBXProject "903_sampleCoreData3" */;
			compatibilityVersion = "Xcode 3.2";
			developmentRegion = English;
			hasScannedForEncodings = 0;
			knownRegions = (
				en,
				Base,
			);
			mainGroup = 41A25B781A427B7B009256BB;
			productRefGroup = 41A25B821A427B7B009256BB /* Products */;
			projectDirPath = "";
			projectRoot = "";
			targets = (
				41A25B801A427B7B009256BB /* 903_sampleCoreData3 */,
				41A25B9F1A427B7C009256BB /* 903_sampleCoreData3Tests */,
			);
		};
/* End PBXProject section */

/* Begin PBXResourcesBuildPhase section */
		41A25B7F1A427B7B009256BB /* Resources */ = {
			isa = PBXResourcesBuildPhase;
			buildActionMask = 2147483647;
			files = (
				41A25B961A427B7B009256BB /* Main.storyboard in Resources */,
				41A25B9B1A427B7B009256BB /* LaunchScreen.xib in Resources */,
				41A25B981A427B7B009256BB /* Images.xcassets in Resources */,
			);
			runOnlyForDeploymentPostprocessing = 0;
		};
		41A25B9E1A427B7C009256BB /* Resources */ = {
			isa = PBXResourcesBuildPhase;
			buildActionMask = 2147483647;
			files = (
			);
			runOnlyForDeploymentPostprocessing = 0;
		};
/* End PBXResourcesBuildPhase section */

/* Begin PBXSourcesBuildPhase section */
		41A25B7D1A427B7B009256BB /* Sources */ = {
			isa = PBXSourcesBuildPhase;
			buildActionMask = 2147483647;
			files = (
				41A25B931A427B7B009256BB /* DetailViewController.m in Sources */,
				41A25B901A427B7B009256BB /* MasterViewController.m in Sources */,
				41A25B8A1A427B7B009256BB /* AppDelegate.m in Sources */,
				41A25B871A427B7B009256BB /* main.m in Sources */,
				41A25B8D1A427B7B009256BB /* _03_sampleCoreData3.xcdatamodeld in Sources */,
			);
			runOnlyForDeploymentPostprocessing = 0;
		};
		41A25B9C1A427B7C009256BB /* Sources */ = {
			isa = PBXSourcesBuildPhase;
			buildActionMask = 2147483647;
			files = (
				41A25BA71A427B7C009256BB /* _03_sampleCoreData3Tests.m in Sources */,
			);
			runOnlyForDeploymentPostprocessing = 0;
		};
/* End PBXSourcesBuildPhase section */

/* Begin PBXTargetDependency section */
		41A25BA21A427B7C009256BB /* PBXTargetDependency */ = {
			isa = PBXTargetDependency;
			target = 41A25B801A427B7B009256BB /* 903_sampleCoreData3 */;
			targetProxy = 41A25BA11A427B7C009256BB /* PBXContainerItemProxy */;
		};
/* End PBXTargetDependency section */

/* Begin PBXVariantGroup section */
		41A25B941A427B7B009256BB /* Main.storyboard */ = {
			isa = PBXVariantGroup;
			children = (
				41A25B951A427B7B009256BB /* Base */,
			);
			name = Main.storyboard;
			sourceTree = "<group>";
		};
		41A25B991A427B7B009256BB /* LaunchScreen.xib */ = {
			isa = PBXVariantGroup;
			children = (
				41A25B9A1A427B7B009256BB /* Base */,
			);
			name = LaunchScreen.xib;
			sourceTree = "<group>";
		};
/* End PBXVariantGroup section */

/* Begin XCBuildConfiguration section */
		41A25BA81A427B7C009256BB /* Debug */ = {
			isa = XCBuildConfiguration;
			buildSettings = {
				ALWAYS_SEARCH_USER_PATHS = NO;
				CLANG_CXX_LANGUAGE_STANDARD = "gnu++0x";
				CLANG_CXX_LIBRARY = "libc++";
				CLANG_ENABLE_MODULES = YES;
				CLANG_ENABLE_OBJC_ARC = YES;
				CLANG_WARN_BOOL_CONVERSION = YES;
				CLANG_WARN_CONSTANT_CONVERSION = YES;
				CLANG_WARN_DIRECT_OBJC_ISA_USAGE = YES_ERROR;
				CLANG_WARN_EMPTY_BODY = YES;
				CLANG_WARN_ENUM_CONVERSION = YES;
				CLANG_WARN_INT_CONVERSION = YES;
				CLANG_WARN_OBJC_ROOT_CLASS = YES_ERROR;
				CLANG_WARN_UNREACHABLE_CODE = YES;
				CLANG_WARN__DUPLICATE_METHOD_MATCH = YES;
				"CODE_SIGN_IDENTITY[sdk=iphoneos*]" = "iPhone Developer";
				COPY_PHASE_STRIP = NO;
				ENABLE_STRICT_OBJC_MSGSEND = YES;
				GCC_C_LANGUAGE_STANDARD = gnu99;
				GCC_DYNAMIC_NO_PIC = NO;
				GCC_OPTIMIZATION_LEVEL = 0;
				GCC_PREPROCESSOR_DEFINITIONS = (
					"DEBUG=1",
					"$(inherited)",
				);
				GCC_SYMBOLS_PRIVATE_EXTERN = NO;
				GCC_WARN_64_TO_32_BIT_CONVERSION = YES;
				GCC_WARN_ABOUT_RETURN_TYPE = YES_ERROR;
				GCC_WARN_UNDECLARED_SELECTOR = YES;
				GCC_WARN_UNINITIALIZED_AUTOS = YES_AGGRESSIVE;
				GCC_WARN_UNUSED_FUNCTION = YES;
				GCC_WARN_UNUSED_VARIABLE = YES;
				IPHONEOS_DEPLOYMENT_TARGET = 8.1;
				MTL_ENABLE_DEBUG_INFO = YES;
				ONLY_ACTIVE_ARCH = YES;
				SDKROOT = iphoneos;
			};
			name = Debug;
		};
		41A25BA91A427B7C009256BB /* Release */ = {
			isa = XCBuildConfiguration;
			buildSettings = {
				ALWAYS_SEARCH_USER_PATHS = NO;
				CLANG_CXX_LANGUAGE_STANDARD = "gnu++0x";
				CLANG_CXX_LIBRARY = "libc++";
				CLANG_ENABLE_MODULES = YES;
				CLANG_ENABLE_OBJC_ARC = YES;
				CLANG_WARN_BOOL_CONVERSION = YES;
				CLANG_WARN_CONSTANT_CONVERSION = YES;
				CLANG_WARN_DIRECT_OBJC_ISA_USAGE = YES_ERROR;
				CLANG_WARN_EMPTY_BODY = YES;
				CLANG_WARN_ENUM_CONVERSION = YES;
				CLANG_WARN_INT_CONVERSION = YES;
				CLANG_WARN_OBJC_ROOT_CLASS = YES_ERROR;
				CLANG_WARN_UNREACHABLE_CODE = YES;
				CLANG_WARN__DUPLICATE_METHOD_MATCH = YES;
				"CODE_SIGN_IDENTITY[sdk=iphoneos*]" = "iPhone Developer";
				COPY_PHASE_STRIP = YES;
				ENABLE_NS_ASSERTIONS = NO;
				ENABLE_STRICT_OBJC_MSGSEND = YES;
				GCC_C_LANGUAGE_STANDARD = gnu99;
				GCC_WARN_64_TO_32_BIT_CONVERSION = YES;
				GCC_WARN_ABOUT_RETURN_TYPE = YES_ERROR;
				GCC_WARN_UNDECLARED_SELECTOR = YES;
				GCC_WARN_UNINITIALIZED_AUTOS = YES_AGGRESSIVE;
				GCC_WARN_UNUSED_FUNCTION = YES;
				GCC_WARN_UNUSED_VARIABLE = YES;
				IPHONEOS_DEPLOYMENT_TARGET = 8.1;
				MTL_ENABLE_DEBUG_INFO = NO;
				SDKROOT = iphoneos;
				VALIDATE_PRODUCT = YES;
			};
			name = Release;
		};
		41A25BAB1A427B7C009256BB /* Debug */ = {
			isa = XCBuildConfiguration;
			buildSettings = {
				ASSETCATALOG_COMPILER_APPICON_NAME = AppIcon;
				INFOPLIST_FILE = 903_sampleCoreData3/Info.plist;
				LD_RUNPATH_SEARCH_PATHS = "$(inherited) @executable_path/Frameworks";
				PRODUCT_NAME = "$(TARGET_NAME)";
			};
			name = Debug;
		};
		41A25BAC1A427B7C009256BB /* Release */ = {
			isa = XCBuildConfiguration;
			buildSettings = {
				ASSETCATALOG_COMPILER_APPICON_NAME = AppIcon;
				INFOPLIST_FILE = 903_sampleCoreData3/Info.plist;
				LD_RUNPATH_SEARCH_PATHS = "$(inherited) @executable_path/Frameworks";
				PRODUCT_NAME = "$(TARGET_NAME)";
			};
			name = Release;
		};
		41A25BAE1A427B7C009256BB /* Debug */ = {
			isa = XCBuildConfiguration;
			buildSettings = {
				BUNDLE_LOADER = "$(TEST_HOST)";
				FRAMEWORK_SEARCH_PATHS = (
					"$(SDKROOT)/Developer/Library/Frameworks",
					"$(inherited)",
				);
				GCC_PREPROCESSOR_DEFINITIONS = (
					"DEBUG=1",
					"$(inherited)",
				);
				INFOPLIST_FILE = 903_sampleCoreData3Tests/Info.plist;
				LD_RUNPATH_SEARCH_PATHS = "$(inherited) @executable_path/Frameworks @loader_path/Frameworks";
				PRODUCT_NAME = "$(TARGET_NAME)";
				TEST_HOST = "$(BUILT_PRODUCTS_DIR)/903_sampleCoreData3.app/903_sampleCoreData3";
			};
			name = Debug;
		};
		41A25BAF1A427B7C009256BB /* Release */ = {
			isa = XCBuildConfiguration;
			buildSettings = {
				BUNDLE_LOADER = "$(TEST_HOST)";
				FRAMEWORK_SEARCH_PATHS = (
					"$(SDKROOT)/Developer/Library/Frameworks",
					"$(inherited)",
				);
				INFOPLIST_FILE = 903_sampleCoreData3Tests/Info.plist;
				LD_RUNPATH_SEARCH_PATHS = "$(inherited) @executable_path/Frameworks @loader_path/Frameworks";
				PRODUCT_NAME = "$(TARGET_NAME)";
				TEST_HOST = "$(BUILT_PRODUCTS_DIR)/903_sampleCoreData3.app/903_sampleCoreData3";
			};
			name = Release;
		};
/* End XCBuildConfiguration section */

/* Begin XCConfigurationList section */
		41A25B7C1A427B7B009256BB /* Build configuration list for PBXProject "903_sampleCoreData3" */ = {
			isa = XCConfigurationList;
			buildConfigurations = (
				41A25BA81A427B7C009256BB /* Debug */,
				41A25BA91A427B7C009256BB /* Release */,
			);
			defaultConfigurationIsVisible = 0;
			defaultConfigurationName = Release;
		};
		41A25BAA1A427B7C009256BB /* Build configuration list for PBXNativeTarget "903_sampleCoreData3" */ = {
			isa = XCConfigurationList;
			buildConfigurations = (
				41A25BAB1A427B7C009256BB /* Debug */,
				41A25BAC1A427B7C009256BB /* Release */,
			);
			defaultConfigurationIsVisible = 0;
		};
		41A25BAD1A427B7C009256BB /* Build configuration list for PBXNativeTarget "903_sampleCoreData3Tests" */ = {
			isa = XCConfigurationList;
			buildConfigurations = (
				41A25BAE1A427B7C009256BB /* Debug */,
				41A25BAF1A427B7C009256BB /* Release */,
			);
			defaultConfigurationIsVisible = 0;
		};
/* End XCConfigurationList section */

/* Begin XCVersionGroup section */
		41A25B8B1A427B7B009256BB /* _03_sampleCoreData3.xcdatamodeld */ = {
			isa = XCVersionGroup;
			children = (
				41A25B8C1A427B7B009256BB /* _03_sampleCoreData3.xcdatamodel */,
			);
			currentVersion = 41A25B8C1A427B7B009256BB /* _03_sampleCoreData3.xcdatamodel */;
			path = _03_sampleCoreData3.xcdatamodeld;
			sourceTree = "<group>";
			versionGroupType = wrapper.xcdatamodel;
		};
/* End XCVersionGroup section */
	};
	rootObject = 41A25B791A427B7B009256BB /* Project object */;
}
