// !$*UTF8*$!
{
	archiveVersion = 1;
	classes = {
	};
	objectVersion = 46;
	objects = {

/* Begin PBXBuildFile section */
		41F497091A3916B00006A25E /* main.m in Sources */ = {isa = PBXBuildFile; fileRef = 41F497081A3916B00006A25E /* main.m */; };
		41F4970C1A3916B00006A25E /* AppDelegate.m in Sources */ = {isa = PBXBuildFile; fileRef = 41F4970B1A3916B00006A25E /* AppDelegate.m */; };
		41F4970F1A3916B00006A25E /* _13_sampleTableView3.xcdatamodeld in Sources */ = {isa = PBXBuildFile; fileRef = 41F4970D1A3916B00006A25E /* _13_sampleTableView3.xcdatamodeld */; };
		41F497151A3916B00006A25E /* Main.storyboard in Resources */ = {isa = PBXBuildFile; fileRef = 41F497131A3916B00006A25E /* Main.storyboard */; };
		41F497171A3916B00006A25E /* Images.xcassets in Resources */ = {isa = PBXBuildFile; fileRef = 41F497161A3916B00006A25E /* Images.xcassets */; };
		41F4971A1A3916B00006A25E /* LaunchScreen.xib in Resources */ = {isa = PBXBuildFile; fileRef = 41F497181A3916B00006A25E /* LaunchScreen.xib */; };
		41F497261A3916B10006A25E /* _13_sampleTableView3Tests.m in Sources */ = {isa = PBXBuildFile; fileRef = 41F497251A3916B10006A25E /* _13_sampleTableView3Tests.m */; };
		41F497311A3917240006A25E /* SampleTableViewController.m in Sources */ = {isa = PBXBuildFile; fileRef = 41F497301A3917240006A25E /* SampleTableViewController.m */; };
		41F497341A3919C10006A25E /* SampleViewController.m in Sources */ = {isa = PBXBuildFile; fileRef = 41F497331A3919C10006A25E /* SampleViewController.m */; };
/* End PBXBuildFile section */

/* Begin PBXContainerItemProxy section */
		41F497201A3916B00006A25E /* PBXContainerItemProxy */ = {
			isa = PBXContainerItemProxy;
			containerPortal = 41F496FB1A3916B00006A25E /* Project object */;
			proxyType = 1;
			remoteGlobalIDString = 41F497021A3916B00006A25E;
			remoteInfo = 113_sampleTableView3;
		};
/* End PBXContainerItemProxy section */

/* Begin PBXFileReference section */
		41F497031A3916B00006A25E /* 113_sampleTableView3.app */ = {isa = PBXFileReference; explicitFileType = wrapper.application; includeInIndex = 0; path = 113_sampleTableView3.app; sourceTree = BUILT_PRODUCTS_DIR; };
		41F497071A3916B00006A25E /* Info.plist */ = {isa = PBXFileReference; lastKnownFileType = text.plist.xml; path = Info.plist; sourceTree = "<group>"; };
		41F497081A3916B00006A25E /* main.m */ = {isa = PBXFileReference; lastKnownFileType = sourcecode.c.objc; path = main.m; sourceTree = "<group>"; };
		41F4970A1A3916B00006A25E /* AppDelegate.h */ = {isa = PBXFileReference; lastKnownFileType = sourcecode.c.h; path = AppDelegate.h; sourceTree = "<group>"; };
		41F4970B1A3916B00006A25E /* AppDelegate.m */ = {isa = PBXFileReference; lastKnownFileType = sourcecode.c.objc; path = AppDelegate.m; sourceTree = "<group>"; };
		41F4970E1A3916B00006A25E /* _13_sampleTableView3.xcdatamodel */ = {isa = PBXFileReference; lastKnownFileType = wrapper.xcdatamodel; path = _13_sampleTableView3.xcdatamodel; sourceTree = "<group>"; };
		41F497141A3916B00006A25E /* Base */ = {isa = PBXFileReference; lastKnownFileType = file.storyboard; name = Base; path = Base.lproj/Main.storyboard; sourceTree = "<group>"; };
		41F497161A3916B00006A25E /* Images.xcassets */ = {isa = PBXFileReference; lastKnownFileType = folder.assetcatalog; path = Images.xcassets; sourceTree = "<group>"; };
		41F497191A3916B00006A25E /* Base */ = {isa = PBXFileReference; lastKnownFileType = file.xib; name = Base; path = Base.lproj/LaunchScreen.xib; sourceTree = "<group>"; };
		41F4971F1A3916B00006A25E /* 113_sampleTableView3Tests.xctest */ = {isa = PBXFileReference; explicitFileType = wrapper.cfbundle; includeInIndex = 0; path = 113_sampleTableView3Tests.xctest; sourceTree = BUILT_PRODUCTS_DIR; };
		41F497241A3916B10006A25E /* Info.plist */ = {isa = PBXFileReference; lastKnownFileType = text.plist.xml; path = Info.plist; sourceTree = "<group>"; };
		41F497251A3916B10006A25E /* _13_sampleTableView3Tests.m */ = {isa = PBXFileReference; lastKnownFileType = sourcecode.c.objc; path = _13_sampleTableView3Tests.m; sourceTree = "<group>"; };
		41F4972F1A3917240006A25E /* SampleTableViewController.h */ = {isa = PBXFileReference; fileEncoding = 4; lastKnownFileType = sourcecode.c.h; path = SampleTableViewController.h; sourceTree = "<group>"; };
		41F497301A3917240006A25E /* SampleTableViewController.m */ = {isa = PBXFileReference; fileEncoding = 4; lastKnownFileType = sourcecode.c.objc; path = SampleTableViewController.m; sourceTree = "<group>"; };
		41F497321A3919C10006A25E /* SampleViewController.h */ = {isa = PBXFileReference; fileEncoding = 4; lastKnownFileType = sourcecode.c.h; path = SampleViewController.h; sourceTree = "<group>"; };
		41F497331A3919C10006A25E /* SampleViewController.m */ = {isa = PBXFileReference; fileEncoding = 4; lastKnownFileType = sourcecode.c.objc; path = SampleViewController.m; sourceTree = "<group>"; };
/* End PBXFileReference section */

/* Begin PBXFrameworksBuildPhase section */
		41F497001A3916B00006A25E /* Frameworks */ = {
			isa = PBXFrameworksBuildPhase;
			buildActionMask = 2147483647;
			files = (
			);
			runOnlyForDeploymentPostprocessing = 0;
		};
		41F4971C1A3916B00006A25E /* Frameworks */ = {
			isa = PBXFrameworksBuildPhase;
			buildActionMask = 2147483647;
			files = (
			);
			runOnlyForDeploymentPostprocessing = 0;
		};
/* End PBXFrameworksBuildPhase section */

/* Begin PBXGroup section */
		41F496FA1A3916B00006A25E = {
			isa = PBXGroup;
			children = (
				41F497051A3916B00006A25E /* 113_sampleTableView3 */,
				41F497221A3916B10006A25E /* 113_sampleTableView3Tests */,
				41F497041A3916B00006A25E /* Products */,
			);
			sourceTree = "<group>";
		};
		41F497041A3916B00006A25E /* Products */ = {
			isa = PBXGroup;
			children = (
				41F497031A3916B00006A25E /* 113_sampleTableView3.app */,
				41F4971F1A3916B00006A25E /* 113_sampleTableView3Tests.xctest */,
			);
			name = Products;
			sourceTree = "<group>";
		};
		41F497051A3916B00006A25E /* 113_sampleTableView3 */ = {
			isa = PBXGroup;
			children = (
				41F497131A3916B00006A25E /* Main.storyboard */,
				41F4970A1A3916B00006A25E /* AppDelegate.h */,
				41F4970B1A3916B00006A25E /* AppDelegate.m */,
				41F4972F1A3917240006A25E /* SampleTableViewController.h */,
				41F497301A3917240006A25E /* SampleTableViewController.m */,
				41F497321A3919C10006A25E /* SampleViewController.h */,
				41F497331A3919C10006A25E /* SampleViewController.m */,
				41F497161A3916B00006A25E /* Images.xcassets */,
				41F497181A3916B00006A25E /* LaunchScreen.xib */,
				41F4970D1A3916B00006A25E /* _13_sampleTableView3.xcdatamodeld */,
				41F497061A3916B00006A25E /* Supporting Files */,
			);
			path = 113_sampleTableView3;
			sourceTree = "<group>";
		};
		41F497061A3916B00006A25E /* Supporting Files */ = {
			isa = PBXGroup;
			children = (
				41F497071A3916B00006A25E /* Info.plist */,
				41F497081A3916B00006A25E /* main.m */,
			);
			name = "Supporting Files";
			sourceTree = "<group>";
		};
		41F497221A3916B10006A25E /* 113_sampleTableView3Tests */ = {
			isa = PBXGroup;
			children = (
				41F497251A3916B10006A25E /* _13_sampleTableView3Tests.m */,
				41F497231A3916B10006A25E /* Supporting Files */,
			);
			path = 113_sampleTableView3Tests;
			sourceTree = "<group>";
		};
		41F497231A3916B10006A25E /* Supporting Files */ = {
			isa = PBXGroup;
			children = (
				41F497241A3916B10006A25E /* Info.plist */,
			);
			name = "Supporting Files";
			sourceTree = "<group>";
		};
/* End PBXGroup section */

/* Begin PBXNativeTarget section */
		41F497021A3916B00006A25E /* 113_sampleTableView3 */ = {
			isa = PBXNativeTarget;
			buildConfigurationList = 41F497291A3916B10006A25E /* Build configuration list for PBXNativeTarget "113_sampleTableView3" */;
			buildPhases = (
				41F496FF1A3916B00006A25E /* Sources */,
				41F497001A3916B00006A25E /* Frameworks */,
				41F497011A3916B00006A25E /* Resources */,
			);
			buildRules = (
			);
			dependencies = (
			);
			name = 113_sampleTableView3;
			productName = 113_sampleTableView3;
			productReference = 41F497031A3916B00006A25E /* 113_sampleTableView3.app */;
			productType = "com.apple.product-type.application";
		};
		41F4971E1A3916B00006A25E /* 113_sampleTableView3Tests */ = {
			isa = PBXNativeTarget;
			buildConfigurationList = 41F4972C1A3916B10006A25E /* Build configuration list for PBXNativeTarget "113_sampleTableView3Tests" */;
			buildPhases = (
				41F4971B1A3916B00006A25E /* Sources */,
				41F4971C1A3916B00006A25E /* Frameworks */,
				41F4971D1A3916B00006A25E /* Resources */,
			);
			buildRules = (
			);
			dependencies = (
				41F497211A3916B00006A25E /* PBXTargetDependency */,
			);
			name = 113_sampleTableView3Tests;
			productName = 113_sampleTableView3Tests;
			productReference = 41F4971F1A3916B00006A25E /* 113_sampleTableView3Tests.xctest */;
			productType = "com.apple.product-type.bundle.unit-test";
		};
/* End PBXNativeTarget section */

/* Begin PBXProject section */
		41F496FB1A3916B00006A25E /* Project object */ = {
			isa = PBXProject;
			attributes = {
				LastUpgradeCheck = 0610;
				ORGANIZATIONNAME = knife0125;
				TargetAttributes = {
					41F497021A3916B00006A25E = {
						CreatedOnToolsVersion = 6.1.1;
					};
					41F4971E1A3916B00006A25E = {
						CreatedOnToolsVersion = 6.1.1;
						TestTargetID = 41F497021A3916B00006A25E;
					};
				};
			};
			buildConfigurationList = 41F496FE1A3916B00006A25E /* Build configuration list for PBXProject "113_sampleTableView3" */;
			compatibilityVersion = "Xcode 3.2";
			developmentRegion = English;
			hasScannedForEncodings = 0;
			knownRegions = (
				en,
				Base,
			);
			mainGroup = 41F496FA1A3916B00006A25E;
			productRefGroup = 41F497041A3916B00006A25E /* Products */;
			projectDirPath = "";
			projectRoot = "";
			targets = (
				41F497021A3916B00006A25E /* 113_sampleTableView3 */,
				41F4971E1A3916B00006A25E /* 113_sampleTableView3Tests */,
			);
		};
/* End PBXProject section */

/* Begin PBXResourcesBuildPhase section */
		41F497011A3916B00006A25E /* Resources */ = {
			isa = PBXResourcesBuildPhase;
			buildActionMask = 2147483647;
			files = (
				41F497151A3916B00006A25E /* Main.storyboard in Resources */,
				41F4971A1A3916B00006A25E /* LaunchScreen.xib in Resources */,
				41F497171A3916B00006A25E /* Images.xcassets in Resources */,
			);
			runOnlyForDeploymentPostprocessing = 0;
		};
		41F4971D1A3916B00006A25E /* Resources */ = {
			isa = PBXResourcesBuildPhase;
			buildActionMask = 2147483647;
			files = (
			);
			runOnlyForDeploymentPostprocessing = 0;
		};
/* End PBXResourcesBuildPhase section */

/* Begin PBXSourcesBuildPhase section */
		41F496FF1A3916B00006A25E /* Sources */ = {
			isa = PBXSourcesBuildPhase;
			buildActionMask = 2147483647;
			files = (
				41F497341A3919C10006A25E /* SampleViewController.m in Sources */,
				41F4970F1A3916B00006A25E /* _13_sampleTableView3.xcdatamodeld in Sources */,
				41F4970C1A3916B00006A25E /* AppDelegate.m in Sources */,
				41F497091A3916B00006A25E /* main.m in Sources */,
				41F497311A3917240006A25E /* SampleTableViewController.m in Sources */,
			);
			runOnlyForDeploymentPostprocessing = 0;
		};
		41F4971B1A3916B00006A25E /* Sources */ = {
			isa = PBXSourcesBuildPhase;
			buildActionMask = 2147483647;
			files = (
				41F497261A3916B10006A25E /* _13_sampleTableView3Tests.m in Sources */,
			);
			runOnlyForDeploymentPostprocessing = 0;
		};
/* End PBXSourcesBuildPhase section */

/* Begin PBXTargetDependency section */
		41F497211A3916B00006A25E /* PBXTargetDependency */ = {
			isa = PBXTargetDependency;
			target = 41F497021A3916B00006A25E /* 113_sampleTableView3 */;
			targetProxy = 41F497201A3916B00006A25E /* PBXContainerItemProxy */;
		};
/* End PBXTargetDependency section */

/* Begin PBXVariantGroup section */
		41F497131A3916B00006A25E /* Main.storyboard */ = {
			isa = PBXVariantGroup;
			children = (
				41F497141A3916B00006A25E /* Base */,
			);
			name = Main.storyboard;
			sourceTree = "<group>";
		};
		41F497181A3916B00006A25E /* LaunchScreen.xib */ = {
			isa = PBXVariantGroup;
			children = (
				41F497191A3916B00006A25E /* Base */,
			);
			name = LaunchScreen.xib;
			sourceTree = "<group>";
		};
/* End PBXVariantGroup section */

/* Begin XCBuildConfiguration section */
		41F497271A3916B10006A25E /* Debug */ = {
			isa = XCBuildConfiguration;
			buildSettings = {
				ALWAYS_SEARCH_USER_PATHS = NO;
				CLANG_CXX_LANGUAGE_STANDARD = "gnu++0x";
				CLANG_CXX_LIBRARY = "libc++";
				CLANG_ENABLE_MODULES = YES;
				CLANG_ENABLE_OBJC_ARC = YES;
				CLANG_WARN_BOOL_CONVERSION = YES;
				CLANG_WARN_CONSTANT_CONVERSION = YES;
				CLANG_WARN_DIRECT_OBJC_ISA_USAGE = YES_ERROR;
				CLANG_WARN_EMPTY_BODY = YES;
				CLANG_WARN_ENUM_CONVERSION = YES;
				CLANG_WARN_INT_CONVERSION = YES;
				CLANG_WARN_OBJC_ROOT_CLASS = YES_ERROR;
				CLANG_WARN_UNREACHABLE_CODE = YES;
				CLANG_WARN__DUPLICATE_METHOD_MATCH = YES;
				"CODE_SIGN_IDENTITY[sdk=iphoneos*]" = "iPhone Developer";
				COPY_PHASE_STRIP = NO;
				ENABLE_STRICT_OBJC_MSGSEND = YES;
				GCC_C_LANGUAGE_STANDARD = gnu99;
				GCC_DYNAMIC_NO_PIC = NO;
				GCC_OPTIMIZATION_LEVEL = 0;
				GCC_PREPROCESSOR_DEFINITIONS = (
					"DEBUG=1",
					"$(inherited)",
				);
				GCC_SYMBOLS_PRIVATE_EXTERN = NO;
				GCC_WARN_64_TO_32_BIT_CONVERSION = YES;
				GCC_WARN_ABOUT_RETURN_TYPE = YES_ERROR;
				GCC_WARN_UNDECLARED_SELECTOR = YES;
				GCC_WARN_UNINITIALIZED_AUTOS = YES_AGGRESSIVE;
				GCC_WARN_UNUSED_FUNCTION = YES;
				GCC_WARN_UNUSED_VARIABLE = YES;
				IPHONEOS_DEPLOYMENT_TARGET = 8.1;
				MTL_ENABLE_DEBUG_INFO = YES;
				ONLY_ACTIVE_ARCH = YES;
				SDKROOT = iphoneos;
			};
			name = Debug;
		};
		41F497281A3916B10006A25E /* Release */ = {
			isa = XCBuildConfiguration;
			buildSettings = {
				ALWAYS_SEARCH_USER_PATHS = NO;
				CLANG_CXX_LANGUAGE_STANDARD = "gnu++0x";
				CLANG_CXX_LIBRARY = "libc++";
				CLANG_ENABLE_MODULES = YES;
				CLANG_ENABLE_OBJC_ARC = YES;
				CLANG_WARN_BOOL_CONVERSION = YES;
				CLANG_WARN_CONSTANT_CONVERSION = YES;
				CLANG_WARN_DIRECT_OBJC_ISA_USAGE = YES_ERROR;
				CLANG_WARN_EMPTY_BODY = YES;
				CLANG_WARN_ENUM_CONVERSION = YES;
				CLANG_WARN_INT_CONVERSION = YES;
				CLANG_WARN_OBJC_ROOT_CLASS = YES_ERROR;
				CLANG_WARN_UNREACHABLE_CODE = YES;
				CLANG_WARN__DUPLICATE_METHOD_MATCH = YES;
				"CODE_SIGN_IDENTITY[sdk=iphoneos*]" = "iPhone Developer";
				COPY_PHASE_STRIP = YES;
				ENABLE_NS_ASSERTIONS = NO;
				ENABLE_STRICT_OBJC_MSGSEND = YES;
				GCC_C_LANGUAGE_STANDARD = gnu99;
				GCC_WARN_64_TO_32_BIT_CONVERSION = YES;
				GCC_WARN_ABOUT_RETURN_TYPE = YES_ERROR;
				GCC_WARN_UNDECLARED_SELECTOR = YES;
				GCC_WARN_UNINITIALIZED_AUTOS = YES_AGGRESSIVE;
				GCC_WARN_UNUSED_FUNCTION = YES;
				GCC_WARN_UNUSED_VARIABLE = YES;
				IPHONEOS_DEPLOYMENT_TARGET = 8.1;
				MTL_ENABLE_DEBUG_INFO = NO;
				SDKROOT = iphoneos;
				VALIDATE_PRODUCT = YES;
			};
			name = Release;
		};
		41F4972A1A3916B10006A25E /* Debug */ = {
			isa = XCBuildConfiguration;
			buildSettings = {
				ASSETCATALOG_COMPILER_APPICON_NAME = AppIcon;
				INFOPLIST_FILE = 113_sampleTableView3/Info.plist;
				LD_RUNPATH_SEARCH_PATHS = "$(inherited) @executable_path/Frameworks";
				PRODUCT_NAME = "$(TARGET_NAME)";
			};
			name = Debug;
		};
		41F4972B1A3916B10006A25E /* Release */ = {
			isa = XCBuildConfiguration;
			buildSettings = {
				ASSETCATALOG_COMPILER_APPICON_NAME = AppIcon;
				INFOPLIST_FILE = 113_sampleTableView3/Info.plist;
				LD_RUNPATH_SEARCH_PATHS = "$(inherited) @executable_path/Frameworks";
				PRODUCT_NAME = "$(TARGET_NAME)";
			};
			name = Release;
		};
		41F4972D1A3916B10006A25E /* Debug */ = {
			isa = XCBuildConfiguration;
			buildSettings = {
				BUNDLE_LOADER = "$(TEST_HOST)";
				FRAMEWORK_SEARCH_PATHS = (
					"$(SDKROOT)/Developer/Library/Frameworks",
					"$(inherited)",
				);
				GCC_PREPROCESSOR_DEFINITIONS = (
					"DEBUG=1",
					"$(inherited)",
				);
				INFOPLIST_FILE = 113_sampleTableView3Tests/Info.plist;
				LD_RUNPATH_SEARCH_PATHS = "$(inherited) @executable_path/Frameworks @loader_path/Frameworks";
				PRODUCT_NAME = "$(TARGET_NAME)";
				TEST_HOST = "$(BUILT_PRODUCTS_DIR)/113_sampleTableView3.app/113_sampleTableView3";
			};
			name = Debug;
		};
		41F4972E1A3916B10006A25E /* Release */ = {
			isa = XCBuildConfiguration;
			buildSettings = {
				BUNDLE_LOADER = "$(TEST_HOST)";
				FRAMEWORK_SEARCH_PATHS = (
					"$(SDKROOT)/Developer/Library/Frameworks",
					"$(inherited)",
				);
				INFOPLIST_FILE = 113_sampleTableView3Tests/Info.plist;
				LD_RUNPATH_SEARCH_PATHS = "$(inherited) @executable_path/Frameworks @loader_path/Frameworks";
				PRODUCT_NAME = "$(TARGET_NAME)";
				TEST_HOST = "$(BUILT_PRODUCTS_DIR)/113_sampleTableView3.app/113_sampleTableView3";
			};
			name = Release;
		};
/* End XCBuildConfiguration section */

/* Begin XCConfigurationList section */
		41F496FE1A3916B00006A25E /* Build configuration list for PBXProject "113_sampleTableView3" */ = {
			isa = XCConfigurationList;
			buildConfigurations = (
				41F497271A3916B10006A25E /* Debug */,
				41F497281A3916B10006A25E /* Release */,
			);
			defaultConfigurationIsVisible = 0;
			defaultConfigurationName = Release;
		};
		41F497291A3916B10006A25E /* Build configuration list for PBXNativeTarget "113_sampleTableView3" */ = {
			isa = XCConfigurationList;
			buildConfigurations = (
				41F4972A1A3916B10006A25E /* Debug */,
				41F4972B1A3916B10006A25E /* Release */,
			);
			defaultConfigurationIsVisible = 0;
		};
		41F4972C1A3916B10006A25E /* Build configuration list for PBXNativeTarget "113_sampleTableView3Tests" */ = {
			isa = XCConfigurationList;
			buildConfigurations = (
				41F4972D1A3916B10006A25E /* Debug */,
				41F4972E1A3916B10006A25E /* Release */,
			);
			defaultConfigurationIsVisible = 0;
		};
/* End XCConfigurationList section */

/* Begin XCVersionGroup section */
		41F4970D1A3916B00006A25E /* _13_sampleTableView3.xcdatamodeld */ = {
			isa = XCVersionGroup;
			children = (
				41F4970E1A3916B00006A25E /* _13_sampleTableView3.xcdatamodel */,
			);
			currentVersion = 41F4970E1A3916B00006A25E /* _13_sampleTableView3.xcdatamodel */;
			path = _13_sampleTableView3.xcdatamodeld;
			sourceTree = "<group>";
			versionGroupType = wrapper.xcdatamodel;
		};
/* End XCVersionGroup section */
	};
	rootObject = 41F496FB1A3916B00006A25E /* Project object */;
}
